
Microsoft Visual Studio Solution File, Format Version 12.00
# Visual Studio Version 16
VisualStudioVersion = 16.0.29911.84
MinimumVisualStudioVersion = 10.0.40219.1
Project("{FAE04EC0-301F-11D3-BF4B-00C04F79EFBC}") = "Collections", "Collections.csproj", "{41B0192C-02E8-4A21-A060-E51D0D448FA5}"
EndProject
Global
	GlobalSection(SolutionConfigurationPlatforms) = preSolution
		Debug|Any CPU = Debug|Any CPU
		Release|Any CPU = Release|Any CPU
	EndGlobalSection
	GlobalSection(ProjectConfigurationPlatforms) = postSolution
		{41B0192C-02E8-4A21-A060-E51D0D448FA5}.Debug|Any CPU.ActiveCfg = Debug|Any CPU
		{41B0192C-02E8-4A21-A060-E51D0D448FA5}.Debug|Any CPU.Build.0 = Debug|Any CPU
		{41B0192C-02E8-4A21-A060-E51D0D448FA5}.Release|Any CPU.ActiveCfg = Release|Any CPU
		{41B0192C-02E8-4A21-A060-E51D0D448FA5}.Release|Any CPU.Build.0 = Release|Any CPU
	EndGlobalSection
	GlobalSection(SolutionProperties) = preSolution
		HideSolutionNode = FALSE
	EndGlobalSection
	GlobalSection(ExtensibilityGlobals) = postSolution
		SolutionGuid = {E06E78DE-CC38-4D91-B855-4CE790E34C2C}
	EndGlobalSection
EndGlobal
